
Microsoft Visual Studio Solution File, Format Version 12.00
# Visual Studio Version 16
VisualStudioVersion = 16.0.29324.140
MinimumVisualStudioVersion = 10.0.40219.1
Project("{00D1A9C2-B5F0-4AF3-8072-F6C62B433612}") = "VoorbeeldPostDeployment", "VoorbeeldPostDeployment\VoorbeeldPostDeployment.sqlproj", "{7EE425C6-9B3B-46B6-95E5-1B16F58C3DEB}"
EndProject
Project("{00D1A9C2-B5F0-4AF3-8072-F6C62B433612}") = "VoorbeeldProjectVanDatabase", "..\..\..\..\VoorbeeldProjectVanDatabase\VoorbeeldProjectVanDatabase.sqlproj", "{41A3A1E5-45D5-47BA-B6D1-70D08B0F897E}"
EndProject
Global
	GlobalSection(SolutionConfigurationPlatforms) = preSolution
		Debug|Any CPU = Debug|Any CPU
		Release|Any CPU = Release|Any CPU
	EndGlobalSection
	GlobalSection(ProjectConfigurationPlatforms) = postSolution
		{7EE425C6-9B3B-46B6-95E5-1B16F58C3DEB}.Debug|Any CPU.ActiveCfg = Debug|Any CPU
		{7EE425C6-9B3B-46B6-95E5-1B16F58C3DEB}.Debug|Any CPU.Build.0 = Debug|Any CPU
		{7EE425C6-9B3B-46B6-95E5-1B16F58C3DEB}.Debug|Any CPU.Deploy.0 = Debug|Any CPU
		{7EE425C6-9B3B-46B6-95E5-1B16F58C3DEB}.Release|Any CPU.ActiveCfg = Release|Any CPU
		{7EE425C6-9B3B-46B6-95E5-1B16F58C3DEB}.Release|Any CPU.Build.0 = Release|Any CPU
		{7EE425C6-9B3B-46B6-95E5-1B16F58C3DEB}.Release|Any CPU.Deploy.0 = Release|Any CPU
		{41A3A1E5-45D5-47BA-B6D1-70D08B0F897E}.Debug|Any CPU.ActiveCfg = Debug|Any CPU
		{41A3A1E5-45D5-47BA-B6D1-70D08B0F897E}.Debug|Any CPU.Build.0 = Debug|Any CPU
		{41A3A1E5-45D5-47BA-B6D1-70D08B0F897E}.Debug|Any CPU.Deploy.0 = Debug|Any CPU
		{41A3A1E5-45D5-47BA-B6D1-70D08B0F897E}.Release|Any CPU.ActiveCfg = Release|Any CPU
		{41A3A1E5-45D5-47BA-B6D1-70D08B0F897E}.Release|Any CPU.Build.0 = Release|Any CPU
		{41A3A1E5-45D5-47BA-B6D1-70D08B0F897E}.Release|Any CPU.Deploy.0 = Release|Any CPU
	EndGlobalSection
	GlobalSection(SolutionProperties) = preSolution
		HideSolutionNode = FALSE
	EndGlobalSection
	GlobalSection(ExtensibilityGlobals) = postSolution
		SolutionGuid = {3B0DF43C-61E0-4274-93F4-3B4732AAC4BF}
	EndGlobalSection
EndGlobal
