
Microsoft Visual Studio Solution File, Format Version 12.00
# Visual Studio Version 16
VisualStudioVersion = 16.0.29324.140
MinimumVisualStudioVersion = 10.0.40219.1
Project("{00D1A9C2-B5F0-4AF3-8072-F6C62B433612}") = "VoorbeeldSqlDatabaseProject", "VoorbeeldSqlDatabaseProject\VoorbeeldSqlDatabaseProject.sqlproj", "{3D6CB617-3EAF-4E75-98FA-B3EB68542690}"
EndProject
Project("{2150E333-8FDC-42A3-9474-1A3956D46DE8}") = "sql scripts", "sql scripts", "{37D56C08-C276-483A-855E-4BB5FB7DB263}"
	ProjectSection(SolutionItems) = preProject
		insert.sql = insert.sql
	EndProjectSection
EndProject
Project("{00D1A9C2-B5F0-4AF3-8072-F6C62B433612}") = "ChinookDatabaseProject", "ChinookDatabaseProject\ChinookDatabaseProject.sqlproj", "{C050CDF4-BFE3-487F-8EBD-A53405407579}"
EndProject
Global
	GlobalSection(SolutionConfigurationPlatforms) = preSolution
		Debug|Any CPU = Debug|Any CPU
		Release|Any CPU = Release|Any CPU
	EndGlobalSection
	GlobalSection(ProjectConfigurationPlatforms) = postSolution
		{3D6CB617-3EAF-4E75-98FA-B3EB68542690}.Debug|Any CPU.ActiveCfg = Debug|Any CPU
		{3D6CB617-3EAF-4E75-98FA-B3EB68542690}.Debug|Any CPU.Build.0 = Debug|Any CPU
		{3D6CB617-3EAF-4E75-98FA-B3EB68542690}.Debug|Any CPU.Deploy.0 = Debug|Any CPU
		{3D6CB617-3EAF-4E75-98FA-B3EB68542690}.Release|Any CPU.ActiveCfg = Release|Any CPU
		{3D6CB617-3EAF-4E75-98FA-B3EB68542690}.Release|Any CPU.Build.0 = Release|Any CPU
		{3D6CB617-3EAF-4E75-98FA-B3EB68542690}.Release|Any CPU.Deploy.0 = Release|Any CPU
		{C050CDF4-BFE3-487F-8EBD-A53405407579}.Debug|Any CPU.ActiveCfg = Debug|Any CPU
		{C050CDF4-BFE3-487F-8EBD-A53405407579}.Debug|Any CPU.Build.0 = Debug|Any CPU
		{C050CDF4-BFE3-487F-8EBD-A53405407579}.Debug|Any CPU.Deploy.0 = Debug|Any CPU
		{C050CDF4-BFE3-487F-8EBD-A53405407579}.Release|Any CPU.ActiveCfg = Release|Any CPU
		{C050CDF4-BFE3-487F-8EBD-A53405407579}.Release|Any CPU.Build.0 = Release|Any CPU
		{C050CDF4-BFE3-487F-8EBD-A53405407579}.Release|Any CPU.Deploy.0 = Release|Any CPU
	EndGlobalSection
	GlobalSection(SolutionProperties) = preSolution
		HideSolutionNode = FALSE
	EndGlobalSection
	GlobalSection(ExtensibilityGlobals) = postSolution
		SolutionGuid = {D80377DC-7141-4100-AF4D-7CD5E223DED6}
	EndGlobalSection
EndGlobal
